github.com/coreos/bbolt v1.3.1-coreos.6.0.20180223184059-4f5275f4ebbf h1:CmPJznEcWS7opZI1p2IXCRPDxE/6o4YFBv4HYb7VsH4=
github.com/coreos/bbolt v1.3.1-coreos.6.0.20180223184059-4f5275f4ebbf/go.mod h1:iRUV2dpdMOn7Bo10OQBFzIJO9kkE559Wcmn+qkEiiKk=
github.com/gorilla/mux v1.8.0 h1:i40aqfkR1h2SlN9hojwV5ZA91wcXFOvkdNIeFDP5koI=
github.com/gorilla/mux v1.8.0/go.mod h1:DVbg23sWSpFRCP0SfiEN6jmj59UnW/n46BH5rLB71So=
github.com/jessevdk/go-flags v0.0.0-20150816100521-1acbbaff2f34 h1:OsL9UGMqb35j8AxF7EK7UGEK58a4YAWo7DYtJIufuh0=
github.com/jessevdk/go-flags v0.0.0-20150816100521-1acbbaff2f34/go.mod h1:4FA24M0QyGHXBuZZK/XkWh8h0e1EYbRYJSGM75WSRxI=
github.com/linde12/gowol v0.0.0-20180926075039-797e4d01634c h1:QRJTb9zWXQL+yUajUqbp+VLtN+DQaYRloOxNwylsuVc=
github.com/linde12/gowol v0.0.0-20180926075039-797e4d01634c/go.mod h1:YeHfx3xIWda3noSterlj6d3+PdRRCTRox269+zhLmbM=
github.com/mattn/go-isatty v0.0.12 h1:wuysRhFDzyxgEmMf5xjvJ2M9dZoWAXNNr5LSBS7uHXY=
github.com/mattn/go-isatty v0.0.12/go.mod h1:cbi8OIDigv2wuxKPP5vlRcQ1OAZbq2CE4Kysco4FUpU=
github.com/sabhiram/go-colorize v0.0.0-20210403184538-366f55d711cf h1:ohn00dtgqfd3k6+B257yGDnqzA4OR0WgWuyTl75TN64=
github.com/sabhiram/go-colorize v0.0.0-20210403184538-366f55d711cf/go.mod h1:GvlEbMJBpbAXFn06UajbdBlGZ18iLvHyuIrgG//L8uk=
github.com/sabhiram/go-wol v0.0.0-20210403190411-d6d48113fcac h1:fAawQP2Eq6R1mho0TTdelS9b0zexZJQiO0U3IgBmgXE=
github.com/sabhiram/go-wol v0.0.0-20210403190411-d6d48113fcac/go.mod h1:sppInrFSFmogcd2LmbYdcbXE+wbV3MjNcp3doz3SVpI=
github.com/stretchr/testify v0.0.0-20150929183540-2b15294402a8/go.mod h1:a8OnRcib4nhh0OaRAV+Yts87kKdq0PP7pXfy6kDkUVs=
golang.org/x/sys v0.0.0-20200116001909-b77594299b42/go.mod h1:h1NjWce9XRLGQEsW7wpKNCjG9DtNlClVuFLEZdDNbEs=
golang.org/x/sys v0.0.0-20210403161142-5e06dd20ab57 h1:F5Gozwx4I1xtr/sr/8CFbb57iKi3297KFs0QDbGN60A=
golang.org/x/sys v0.0.0-20210403161142-5e06dd20ab57/go.mod h1:h1NjWce9XRLGQEsW7wpKNCjG9DtNlClVuFLEZdDNbEs=
